
Microsoft Visual Studio Solution File, Format Version 12.00
# Visual Studio Version 17
VisualStudioVersion = 17.13.35828.75
MinimumVisualStudioVersion = 10.0.40219.1
Project("{FAE04EC0-301F-11D3-BF4B-00C04F79EFBC}") = "Mvc", "ESL9.Mvc\Mvc.csproj", "{23B553D3-41C6-41A1-9AD3-00BF59EE9AA0}"
EndProject
Project("{FAE04EC0-301F-11D3-BF4B-00C04F79EFBC}") = "Infrastructure", "Infrastructure\Infrastructure.csproj", "{A6603B1F-B3DE-47DA-A9A2-BC0E074F98E5}"
EndProject
Project("{FAE04EC0-301F-11D3-BF4B-00C04F79EFBC}") = "Application", "Application\Application.csproj", "{345C0098-7B65-457F-8AA4-8CA3CBD6D876}"
EndProject
Project("{FAE04EC0-301F-11D3-BF4B-00C04F79EFBC}") = "Api", "Api\Api.csproj", "{7B210BA0-E65F-4A19-B35C-CCF9C02800A4}"
EndProject
Project("{FAE04EC0-301F-11D3-BF4B-00C04F79EFBC}") = "Core", "Core\Core.csproj", "{0F926EB5-C9AF-4BA9-AEA8-D6D632BF3ADF}"
EndProject
Project("{FAE04EC0-301F-11D3-BF4B-00C04F79EFBC}") = "WebApi", "WebApi\WebApi.csproj", "{74F9D51B-332C-4AF1-BF2B-57B59DBB8B4F}"
EndProject
Project("{FAE04EC0-301F-11D3-BF4B-00C04F79EFBC}") = "Prototype", "Prototype\Prototype.csproj", "{DEF32A31-9CBA-43B0-B387-DE290F9DD00C}"
	ProjectSection(ProjectDependencies) = postProject
		{345C0098-7B65-457F-8AA4-8CA3CBD6D876} = {345C0098-7B65-457F-8AA4-8CA3CBD6D876}
	EndProjectSection
EndProject
Global
	GlobalSection(SolutionConfigurationPlatforms) = preSolution
		Debug|Any CPU = Debug|Any CPU
		Release|Any CPU = Release|Any CPU
	EndGlobalSection
	GlobalSection(ProjectConfigurationPlatforms) = postSolution
		{23B553D3-41C6-41A1-9AD3-00BF59EE9AA0}.Debug|Any CPU.ActiveCfg = Debug|Any CPU
		{23B553D3-41C6-41A1-9AD3-00BF59EE9AA0}.Debug|Any CPU.Build.0 = Debug|Any CPU
		{23B553D3-41C6-41A1-9AD3-00BF59EE9AA0}.Release|Any CPU.ActiveCfg = Release|Any CPU
		{23B553D3-41C6-41A1-9AD3-00BF59EE9AA0}.Release|Any CPU.Build.0 = Release|Any CPU
		{A6603B1F-B3DE-47DA-A9A2-BC0E074F98E5}.Debug|Any CPU.ActiveCfg = Debug|Any CPU
		{A6603B1F-B3DE-47DA-A9A2-BC0E074F98E5}.Debug|Any CPU.Build.0 = Debug|Any CPU
		{A6603B1F-B3DE-47DA-A9A2-BC0E074F98E5}.Release|Any CPU.ActiveCfg = Release|Any CPU
		{A6603B1F-B3DE-47DA-A9A2-BC0E074F98E5}.Release|Any CPU.Build.0 = Release|Any CPU
		{345C0098-7B65-457F-8AA4-8CA3CBD6D876}.Debug|Any CPU.ActiveCfg = Debug|Any CPU
		{345C0098-7B65-457F-8AA4-8CA3CBD6D876}.Debug|Any CPU.Build.0 = Debug|Any CPU
		{345C0098-7B65-457F-8AA4-8CA3CBD6D876}.Release|Any CPU.ActiveCfg = Release|Any CPU
		{345C0098-7B65-457F-8AA4-8CA3CBD6D876}.Release|Any CPU.Build.0 = Release|Any CPU
		{7B210BA0-E65F-4A19-B35C-CCF9C02800A4}.Debug|Any CPU.ActiveCfg = Debug|Any CPU
		{7B210BA0-E65F-4A19-B35C-CCF9C02800A4}.Debug|Any CPU.Build.0 = Debug|Any CPU
		{7B210BA0-E65F-4A19-B35C-CCF9C02800A4}.Release|Any CPU.ActiveCfg = Release|Any CPU
		{7B210BA0-E65F-4A19-B35C-CCF9C02800A4}.Release|Any CPU.Build.0 = Release|Any CPU
		{0F926EB5-C9AF-4BA9-AEA8-D6D632BF3ADF}.Debug|Any CPU.ActiveCfg = Debug|Any CPU
		{0F926EB5-C9AF-4BA9-AEA8-D6D632BF3ADF}.Debug|Any CPU.Build.0 = Debug|Any CPU
		{0F926EB5-C9AF-4BA9-AEA8-D6D632BF3ADF}.Release|Any CPU.ActiveCfg = Release|Any CPU
		{0F926EB5-C9AF-4BA9-AEA8-D6D632BF3ADF}.Release|Any CPU.Build.0 = Release|Any CPU
		{74F9D51B-332C-4AF1-BF2B-57B59DBB8B4F}.Debug|Any CPU.ActiveCfg = Debug|Any CPU
		{74F9D51B-332C-4AF1-BF2B-57B59DBB8B4F}.Debug|Any CPU.Build.0 = Debug|Any CPU
		{74F9D51B-332C-4AF1-BF2B-57B59DBB8B4F}.Release|Any CPU.ActiveCfg = Release|Any CPU
		{74F9D51B-332C-4AF1-BF2B-57B59DBB8B4F}.Release|Any CPU.Build.0 = Release|Any CPU
		{DEF32A31-9CBA-43B0-B387-DE290F9DD00C}.Debug|Any CPU.ActiveCfg = Debug|Any CPU
		{DEF32A31-9CBA-43B0-B387-DE290F9DD00C}.Debug|Any CPU.Build.0 = Debug|Any CPU
		{DEF32A31-9CBA-43B0-B387-DE290F9DD00C}.Release|Any CPU.ActiveCfg = Release|Any CPU
		{DEF32A31-9CBA-43B0-B387-DE290F9DD00C}.Release|Any CPU.Build.0 = Release|Any CPU
	EndGlobalSection
	GlobalSection(SolutionProperties) = preSolution
		HideSolutionNode = FALSE
	EndGlobalSection
	GlobalSection(ExtensibilityGlobals) = postSolution
		SolutionGuid = {2875C3FC-BEB6-4B3D-B9B3-58AF750A6F5B}
	EndGlobalSection
EndGlobal
